
Microsoft Visual Studio Solution File, Format Version 12.00
# Visual Studio Version 16
VisualStudioVersion = 16.0.32002.261
MinimumVisualStudioVersion = 10.0.40219.1
Project("{9A19103F-16F7-4668-BE54-9A1E7A4F7556}") = "BethanyPieShopHRM.App", "BethanyPieshopHRM.App\BethanyPieShopHRM.App.csproj", "{78580509-0313-42CC-89CE-F16C19541864}"
EndProject
Project("{FAE04EC0-301F-11D3-BF4B-00C04F79EFBC}") = "BethanyPieShopHRM.Shared", "BethanyPieShopHRM.Shared\BethanyPieShopHRM.Shared.csproj", "{0E9EAD81-3655-4EA5-B4A2-7BB4CFAC7739}"
EndProject
Global
	GlobalSection(SolutionConfigurationPlatforms) = preSolution
		Debug|Any CPU = Debug|Any CPU
		Release|Any CPU = Release|Any CPU
	EndGlobalSection
	GlobalSection(ProjectConfigurationPlatforms) = postSolution
		{78580509-0313-42CC-89CE-F16C19541864}.Debug|Any CPU.ActiveCfg = Debug|Any CPU
		{78580509-0313-42CC-89CE-F16C19541864}.Debug|Any CPU.Build.0 = Debug|Any CPU
		{78580509-0313-42CC-89CE-F16C19541864}.Release|Any CPU.ActiveCfg = Release|Any CPU
		{78580509-0313-42CC-89CE-F16C19541864}.Release|Any CPU.Build.0 = Release|Any CPU
		{0E9EAD81-3655-4EA5-B4A2-7BB4CFAC7739}.Debug|Any CPU.ActiveCfg = Debug|Any CPU
		{0E9EAD81-3655-4EA5-B4A2-7BB4CFAC7739}.Debug|Any CPU.Build.0 = Debug|Any CPU
		{0E9EAD81-3655-4EA5-B4A2-7BB4CFAC7739}.Release|Any CPU.ActiveCfg = Release|Any CPU
		{0E9EAD81-3655-4EA5-B4A2-7BB4CFAC7739}.Release|Any CPU.Build.0 = Release|Any CPU
	EndGlobalSection
	GlobalSection(SolutionProperties) = preSolution
		HideSolutionNode = FALSE
	EndGlobalSection
	GlobalSection(ExtensibilityGlobals) = postSolution
		SolutionGuid = {D44E7928-0593-4751-84C3-A98D045D311B}
	EndGlobalSection
EndGlobal
